
Microsoft Visual Studio Solution File, Format Version 12.00
# Visual Studio 15
Project("{FAE04EC0-301F-11D3-BF4B-00C04F79EFBC}") = "Assembly-CSharp", "Assembly-CSharp.csproj", "{F7F465FD-7705-F170-86C9-20E920E2D560}"
EndProject
Project("{FAE04EC0-301F-11D3-BF4B-00C04F79EFBC}") = "UnityForge.AnimCallbacks.Samples", "UnityForge.AnimCallbacks.Samples.csproj", "{F25ACDD4-BE69-31A7-C011-BAB0E5CB5CE8}"
EndProject
Project("{FAE04EC0-301F-11D3-BF4B-00C04F79EFBC}") = "Assembly-CSharp-firstpass", "Assembly-CSharp-firstpass.csproj", "{5B1F1134-B831-56F6-4052-41A7D40F2426}"
EndProject
Project("{FAE04EC0-301F-11D3-BF4B-00C04F79EFBC}") = "UnityForge.AnimCallbacks", "UnityForge.AnimCallbacks.csproj", "{84F140FC-6B4E-B35C-B193-C48B06E2819C}"
EndProject
Project("{FAE04EC0-301F-11D3-BF4B-00C04F79EFBC}") = "UsedCharEnumerator", "UsedCharEnumerator.csproj", "{F6FA6034-EC6E-6313-9987-D2F39E359ACF}"
EndProject
Project("{FAE04EC0-301F-11D3-BF4B-00C04F79EFBC}") = "UsedCharEnumerator.Tests", "UsedCharEnumerator.Tests.csproj", "{A5BC2524-6117-C8AB-704D-B3857CC138E3}"
EndProject
Project("{FAE04EC0-301F-11D3-BF4B-00C04F79EFBC}") = "UsedCharEnumerator.Editor", "UsedCharEnumerator.Editor.csproj", "{59BF2726-8CB3-6497-49DB-D41A84DFF18A}"
EndProject
Global
	GlobalSection(SolutionConfigurationPlatforms) = preSolution
		Debug|Any CPU = Debug|Any CPU
		Release|Any CPU = Release|Any CPU
	EndGlobalSection
	GlobalSection(ProjectConfigurationPlatforms) = postSolution
		{F7F465FD-7705-F170-86C9-20E920E2D560}.Debug|Any CPU.ActiveCfg = Debug|Any CPU
		{F7F465FD-7705-F170-86C9-20E920E2D560}.Debug|Any CPU.Build.0 = Debug|Any CPU
		{F7F465FD-7705-F170-86C9-20E920E2D560}.Release|Any CPU.ActiveCfg = Release|Any CPU
		{F7F465FD-7705-F170-86C9-20E920E2D560}.Release|Any CPU.Build.0 = Release|Any CPU
		{F25ACDD4-BE69-31A7-C011-BAB0E5CB5CE8}.Debug|Any CPU.ActiveCfg = Debug|Any CPU
		{F25ACDD4-BE69-31A7-C011-BAB0E5CB5CE8}.Debug|Any CPU.Build.0 = Debug|Any CPU
		{F25ACDD4-BE69-31A7-C011-BAB0E5CB5CE8}.Release|Any CPU.ActiveCfg = Release|Any CPU
		{F25ACDD4-BE69-31A7-C011-BAB0E5CB5CE8}.Release|Any CPU.Build.0 = Release|Any CPU
		{5B1F1134-B831-56F6-4052-41A7D40F2426}.Debug|Any CPU.ActiveCfg = Debug|Any CPU
		{5B1F1134-B831-56F6-4052-41A7D40F2426}.Debug|Any CPU.Build.0 = Debug|Any CPU
		{5B1F1134-B831-56F6-4052-41A7D40F2426}.Release|Any CPU.ActiveCfg = Release|Any CPU
		{5B1F1134-B831-56F6-4052-41A7D40F2426}.Release|Any CPU.Build.0 = Release|Any CPU
		{84F140FC-6B4E-B35C-B193-C48B06E2819C}.Debug|Any CPU.ActiveCfg = Debug|Any CPU
		{84F140FC-6B4E-B35C-B193-C48B06E2819C}.Debug|Any CPU.Build.0 = Debug|Any CPU
		{84F140FC-6B4E-B35C-B193-C48B06E2819C}.Release|Any CPU.ActiveCfg = Release|Any CPU
		{84F140FC-6B4E-B35C-B193-C48B06E2819C}.Release|Any CPU.Build.0 = Release|Any CPU
		{F6FA6034-EC6E-6313-9987-D2F39E359ACF}.Debug|Any CPU.ActiveCfg = Debug|Any CPU
		{F6FA6034-EC6E-6313-9987-D2F39E359ACF}.Debug|Any CPU.Build.0 = Debug|Any CPU
		{F6FA6034-EC6E-6313-9987-D2F39E359ACF}.Release|Any CPU.ActiveCfg = Release|Any CPU
		{F6FA6034-EC6E-6313-9987-D2F39E359ACF}.Release|Any CPU.Build.0 = Release|Any CPU
		{A5BC2524-6117-C8AB-704D-B3857CC138E3}.Debug|Any CPU.ActiveCfg = Debug|Any CPU
		{A5BC2524-6117-C8AB-704D-B3857CC138E3}.Debug|Any CPU.Build.0 = Debug|Any CPU
		{A5BC2524-6117-C8AB-704D-B3857CC138E3}.Release|Any CPU.ActiveCfg = Release|Any CPU
		{A5BC2524-6117-C8AB-704D-B3857CC138E3}.Release|Any CPU.Build.0 = Release|Any CPU
		{59BF2726-8CB3-6497-49DB-D41A84DFF18A}.Debug|Any CPU.ActiveCfg = Debug|Any CPU
		{59BF2726-8CB3-6497-49DB-D41A84DFF18A}.Debug|Any CPU.Build.0 = Debug|Any CPU
		{59BF2726-8CB3-6497-49DB-D41A84DFF18A}.Release|Any CPU.ActiveCfg = Release|Any CPU
		{59BF2726-8CB3-6497-49DB-D41A84DFF18A}.Release|Any CPU.Build.0 = Release|Any CPU
	EndGlobalSection
	GlobalSection(SolutionProperties) = preSolution
		HideSolutionNode = FALSE
	EndGlobalSection
EndGlobal
